<?xml version="1.0" encoding="utf-8"?>
<Project ToolsVersion="4.0" xmlns="http://schemas.microsoft.com/developer/msbuild/2003">
  <ItemGroup>
    <Filter Include="src">
      <UniqueIdentifier>{b95c4053-97fd-4e7f-92c8-baa6de9c4992}</UniqueIdentifier>
    </Filter>
    <Filter Include="src\cpp">
      <UniqueIdentifier>{b82532a5-c2e3-44d7-b7d5-8bda301cc74b}</UniqueIdentifier>
    </Filter>
    <Filter Include="src\hpp">
      <UniqueIdentifier>{216b3ca5-6bc8-496b-8b7b-e502f796347f}</UniqueIdentifier>
    </Filter>
    <Filter Include="src\shader">
      <UniqueIdentifier>{084e929f-d764-431e-9715-2825e1bb6a24}</UniqueIdentifier>
    </Filter>
  </ItemGroup>
  <ItemGroup>
    <None Include="src\shader\FragmentShader">
      <Filter>src\shader</Filter>
    </None>
    <None Include="src\shader\VertexShader">
      <Filter>src\shader</Filter>
    </None>
  </ItemGroup>
  <ItemGroup>
    <ClCompile Include="src\cpp\Main.cpp" />
    <ClCompile Include="src\cpp\ShaderDrawUtil.cpp" />
    <ClCompile Include="src\cpp\ShaderTest.cpp" />
    <ClCompile Include="src\cpp\ShaderUtil.cpp" />
  </ItemGroup>
  <ItemGroup>
    <ClInclude Include="src\hpp\ShaderDrawUtil.hpp" />
    <ClInclude Include="src\hpp\ShaderTest.hpp" />
    <ClInclude Include="src\hpp\ShaderUtil.hpp" />
  </ItemGroup>
</Project>